
Microsoft Visual Studio Solution File, Format Version 12.00
# Visual Studio Version 17
VisualStudioVersion = 17.5.33530.505
MinimumVisualStudioVersion = 10.0.40219.1
Project("{FAE04EC0-301F-11D3-BF4B-00C04F79EFBC}") = "TrueAlphabetic", "TrueAlphabetic\TrueAlphabetic.csproj", "{7B696ECA-1782-4D01-9526-C50D30F52348}"
EndProject
Global
	GlobalSection(SolutionConfigurationPlatforms) = preSolution
		Debug|Any CPU = Debug|Any CPU
		Release|Any CPU = Release|Any CPU
	EndGlobalSection
	GlobalSection(ProjectConfigurationPlatforms) = postSolution
		{7B696ECA-1782-4D01-9526-C50D30F52348}.Debug|Any CPU.ActiveCfg = Debug|Any CPU
		{7B696ECA-1782-4D01-9526-C50D30F52348}.Debug|Any CPU.Build.0 = Debug|Any CPU
		{7B696ECA-1782-4D01-9526-C50D30F52348}.Release|Any CPU.ActiveCfg = Release|Any CPU
		{7B696ECA-1782-4D01-9526-C50D30F52348}.Release|Any CPU.Build.0 = Release|Any CPU
	EndGlobalSection
	GlobalSection(SolutionProperties) = preSolution
		HideSolutionNode = FALSE
	EndGlobalSection
	GlobalSection(ExtensibilityGlobals) = postSolution
		SolutionGuid = {D6A1BADA-A968-45EE-A39A-B27AA9542120}
	EndGlobalSection
EndGlobal
